
Microsoft Visual Studio Solution File, Format Version 12.00
# Visual Studio Version 17
VisualStudioVersion = 17.14.36518.9 d17.14
MinimumVisualStudioVersion = 10.0.40219.1
Project("{FAE04EC0-301F-11D3-BF4B-00C04F79EFBC}") = "BakeFix", "BakeFix\BakeFix.csproj", "{795CD0E8-1301-4CD2-9D0B-C5658B866347}"
EndProject
Project("{2150E333-8FDC-42A3-9474-1A3956D46DE8}") = "Solution Items", "Solution Items", "{8EC462FD-D22E-90A8-E5CE-7E832BA40C5D}"
	ProjectSection(SolutionItems) = preProject
		.dockerignore = .dockerignore
	EndProjectSection
EndProject
Global
	GlobalSection(SolutionConfigurationPlatforms) = preSolution
		Debug|Any CPU = Debug|Any CPU
		Release|Any CPU = Release|Any CPU
	EndGlobalSection
	GlobalSection(ProjectConfigurationPlatforms) = postSolution
		{795CD0E8-1301-4CD2-9D0B-C5658B866347}.Debug|Any CPU.ActiveCfg = Debug|Any CPU
		{795CD0E8-1301-4CD2-9D0B-C5658B866347}.Debug|Any CPU.Build.0 = Debug|Any CPU
		{795CD0E8-1301-4CD2-9D0B-C5658B866347}.Release|Any CPU.ActiveCfg = Release|Any CPU
		{795CD0E8-1301-4CD2-9D0B-C5658B866347}.Release|Any CPU.Build.0 = Release|Any CPU
	EndGlobalSection
	GlobalSection(SolutionProperties) = preSolution
		HideSolutionNode = FALSE
	EndGlobalSection
	GlobalSection(ExtensibilityGlobals) = postSolution
		SolutionGuid = {23BDBEE3-4863-46A9-BF0A-4D927AD5B1F1}
	EndGlobalSection
EndGlobal
